
Microsoft Visual Studio Solution File, Format Version 12.00

Project("{2150E333-8FDC-42A3-9474-1A3956D46DE8}") = "metadata", ".\", "{F1A57014-71CE-4032-A652-01B7E35E14DB}"
	ProjectSection(SolutionItems) = preProject
		.gitignore = .gitignore
		README.md = README.md
		Directory.Build.props = Directory.Build.props
	EndProjectSection
EndProject

Project("{FAE04EC0-301F-11D3-BF4B-00C04F79EFBC}") = "Remora.Results", "Remora.Results\Remora.Results.csproj", "{751BD927-2D82-4EB2-B7DE-8E506A7A95C8}"
EndProject
Project("{FAE04EC0-301F-11D3-BF4B-00C04F79EFBC}") = "Remora.Results.Tests", "Tests\Remora.Results.Tests\Remora.Results.Tests.csproj", "{62C4B205-5F47-48FA-8E1E-D0E844B9D258}"
EndProject
Project("{2150E333-8FDC-42A3-9474-1A3956D46DE8}") = "Tests", "Tests", "{30449774-E764-4161-89E6-2204B87338FC}"
EndProject
Project("{FAE04EC0-301F-11D3-BF4B-00C04F79EFBC}") = "Remora.Results.Analyzers", "Remora.Results.Analyzers\Remora.Results.Analyzers.csproj", "{B27B69EB-7C3A-4983-8CA5-9735D97FCEC0}"
EndProject
Project("{FAE04EC0-301F-11D3-BF4B-00C04F79EFBC}") = "Remora.Results.Analyzers.Tests", "Tests\Remora.Results.Analyzers.Tests\Remora.Results.Analyzers.Tests.csproj", "{C80DE1D4-32FF-4F75-8ED9-AA314B535EA0}"
EndProject
Project("{2150E333-8FDC-42A3-9474-1A3956D46DE8}") = ".github", ".github", "{184EFE82-DE69-4751-8BBC-0300B4CB54B1}"
EndProject
Project("{2150E333-8FDC-42A3-9474-1A3956D46DE8}") = "workflows", "workflows", "{DB2C66DA-9EA5-4CCD-A2EF-E32B25BA5CC2}"
	ProjectSection(SolutionItems) = preProject
		.github\workflows\dotnet.yml = .github\workflows\dotnet.yml
	EndProjectSection
EndProject
Global
	GlobalSection(SolutionConfigurationPlatforms) = preSolution
		Debug|Any CPU = Debug|Any CPU
		Release|Any CPU = Release|Any CPU
	EndGlobalSection
	GlobalSection(ProjectConfigurationPlatforms) = postSolution
		{751BD927-2D82-4EB2-B7DE-8E506A7A95C8}.Debug|Any CPU.ActiveCfg = Debug|Any CPU
		{751BD927-2D82-4EB2-B7DE-8E506A7A95C8}.Debug|Any CPU.Build.0 = Debug|Any CPU
		{751BD927-2D82-4EB2-B7DE-8E506A7A95C8}.Release|Any CPU.ActiveCfg = Release|Any CPU
		{751BD927-2D82-4EB2-B7DE-8E506A7A95C8}.Release|Any CPU.Build.0 = Release|Any CPU
		{62C4B205-5F47-48FA-8E1E-D0E844B9D258}.Debug|Any CPU.ActiveCfg = Debug|Any CPU
		{62C4B205-5F47-48FA-8E1E-D0E844B9D258}.Debug|Any CPU.Build.0 = Debug|Any CPU
		{62C4B205-5F47-48FA-8E1E-D0E844B9D258}.Release|Any CPU.ActiveCfg = Release|Any CPU
		{62C4B205-5F47-48FA-8E1E-D0E844B9D258}.Release|Any CPU.Build.0 = Release|Any CPU
		{B27B69EB-7C3A-4983-8CA5-9735D97FCEC0}.Debug|Any CPU.ActiveCfg = Debug|Any CPU
		{B27B69EB-7C3A-4983-8CA5-9735D97FCEC0}.Debug|Any CPU.Build.0 = Debug|Any CPU
		{B27B69EB-7C3A-4983-8CA5-9735D97FCEC0}.Release|Any CPU.ActiveCfg = Release|Any CPU
		{B27B69EB-7C3A-4983-8CA5-9735D97FCEC0}.Release|Any CPU.Build.0 = Release|Any CPU
		{C80DE1D4-32FF-4F75-8ED9-AA314B535EA0}.Debug|Any CPU.ActiveCfg = Debug|Any CPU
		{C80DE1D4-32FF-4F75-8ED9-AA314B535EA0}.Debug|Any CPU.Build.0 = Debug|Any CPU
		{C80DE1D4-32FF-4F75-8ED9-AA314B535EA0}.Release|Any CPU.ActiveCfg = Release|Any CPU
		{C80DE1D4-32FF-4F75-8ED9-AA314B535EA0}.Release|Any CPU.Build.0 = Release|Any CPU
	EndGlobalSection
	GlobalSection(NestedProjects) = preSolution
		{62C4B205-5F47-48FA-8E1E-D0E844B9D258} = {30449774-E764-4161-89E6-2204B87338FC}
		{C80DE1D4-32FF-4F75-8ED9-AA314B535EA0} = {30449774-E764-4161-89E6-2204B87338FC}
		{184EFE82-DE69-4751-8BBC-0300B4CB54B1} = {F1A57014-71CE-4032-A652-01B7E35E14DB}
		{DB2C66DA-9EA5-4CCD-A2EF-E32B25BA5CC2} = {184EFE82-DE69-4751-8BBC-0300B4CB54B1}
	EndGlobalSection
EndGlobal
